
Microsoft Visual Studio Solution File, Format Version 12.00
# Visual Studio Version 17
VisualStudioVersion = 17.8.34601.278
MinimumVisualStudioVersion = 10.0.40219.1
Project("{8BC9CEB8-8B4A-11D0-8D11-00A0C91BC942}") = "Project1", "Project1\Project1.vcxproj", "{2D4C06E5-482F-4F44-8D76-EA00455C4836}"
EndProject
Project("{840C416C-B8F3-42BC-B0DD-F6BB14C9F8CB}") = "setup", "setup\setup.aiproj", "{2CB1A011-F5D6-419C-9AC9-0F0861B80F39}"
EndProject
Global
	GlobalSection(SolutionConfigurationPlatforms) = preSolution
		All|x64 = All|x64
		All|x86 = All|x86
		Debug|x64 = Debug|x64
		Debug|x86 = Debug|x86
		Release|x64 = Release|x64
		Release|x86 = Release|x86
	EndGlobalSection
	GlobalSection(ProjectConfigurationPlatforms) = postSolution
		{2D4C06E5-482F-4F44-8D76-EA00455C4836}.All|x64.ActiveCfg = Release|x64
		{2D4C06E5-482F-4F44-8D76-EA00455C4836}.All|x64.Build.0 = Release|x64
		{2D4C06E5-482F-4F44-8D76-EA00455C4836}.All|x86.ActiveCfg = Release|Win32
		{2D4C06E5-482F-4F44-8D76-EA00455C4836}.All|x86.Build.0 = Release|Win32
		{2D4C06E5-482F-4F44-8D76-EA00455C4836}.Debug|x64.ActiveCfg = Debug|x64
		{2D4C06E5-482F-4F44-8D76-EA00455C4836}.Debug|x64.Build.0 = Debug|x64
		{2D4C06E5-482F-4F44-8D76-EA00455C4836}.Debug|x86.ActiveCfg = Debug|Win32
		{2D4C06E5-482F-4F44-8D76-EA00455C4836}.Debug|x86.Build.0 = Debug|Win32
		{2D4C06E5-482F-4F44-8D76-EA00455C4836}.Release|x64.ActiveCfg = Release|x64
		{2D4C06E5-482F-4F44-8D76-EA00455C4836}.Release|x64.Build.0 = Release|x64
		{2D4C06E5-482F-4F44-8D76-EA00455C4836}.Release|x86.ActiveCfg = Release|Win32
		{2D4C06E5-482F-4F44-8D76-EA00455C4836}.Release|x86.Build.0 = Release|Win32
		{2CB1A011-F5D6-419C-9AC9-0F0861B80F39}.All|x64.ActiveCfg = DefaultBuild
		{2CB1A011-F5D6-419C-9AC9-0F0861B80F39}.All|x64.Build.0 = DefaultBuild
		{2CB1A011-F5D6-419C-9AC9-0F0861B80F39}.All|x86.ActiveCfg = DefaultBuild
		{2CB1A011-F5D6-419C-9AC9-0F0861B80F39}.All|x86.Build.0 = DefaultBuild
		{2CB1A011-F5D6-419C-9AC9-0F0861B80F39}.Debug|x64.ActiveCfg = DefaultBuild
		{2CB1A011-F5D6-419C-9AC9-0F0861B80F39}.Debug|x64.Build.0 = DefaultBuild
		{2CB1A011-F5D6-419C-9AC9-0F0861B80F39}.Debug|x86.ActiveCfg = DefaultBuild
		{2CB1A011-F5D6-419C-9AC9-0F0861B80F39}.Debug|x86.Build.0 = DefaultBuild
		{2CB1A011-F5D6-419C-9AC9-0F0861B80F39}.Release|x64.ActiveCfg = DefaultBuild
		{2CB1A011-F5D6-419C-9AC9-0F0861B80F39}.Release|x64.Build.0 = DefaultBuild
		{2CB1A011-F5D6-419C-9AC9-0F0861B80F39}.Release|x86.ActiveCfg = DefaultBuild
		{2CB1A011-F5D6-419C-9AC9-0F0861B80F39}.Release|x86.Build.0 = DefaultBuild
	EndGlobalSection
	GlobalSection(SolutionProperties) = preSolution
		HideSolutionNode = FALSE
	EndGlobalSection
	GlobalSection(ExtensibilityGlobals) = postSolution
		SolutionGuid = {E733C786-C49F-4F3B-9F89-BCD6CE7C9693}
	EndGlobalSection
EndGlobal
